// !$*UTF8*$!
{
	archiveVersion = 1;
	classes = {
	};
	objectVersion = 56;
	objects = {

/* Begin PBXBuildFile section */
		5C0586DB2C4D84F9007915F2 /* StatsChartAnimation.json in Resources */ = {isa = PBXBuildFile; fileRef = 5C0586DA2C4D84F9007915F2 /* StatsChartAnimation.json */; };
		5C1B5CAB2C6341FC00F50435 /* BackgroundView.swift in Sources */ = {isa = PBXBuildFile; fileRef = 5C1B5CAA2C6341FC00F50435 /* BackgroundView.swift */; };
		5C21D1DE2B99E8E4009C0A6B /* HomeView.swift in Sources */ = {isa = PBXBuildFile; fileRef = 5C21D1DD2B99E8E4009C0A6B /* HomeView.swift */; };
		5C21D1E32B99E8E6009C0A6B /* Preview Assets.xcassets in Resources */ = {isa = PBXBuildFile; fileRef = 5C21D1E22B99E8E6009C0A6B /* Preview Assets.xcassets */; };
		5C28C57F2C876B7600B742F7 /* NotificationManager.swift in Sources */ = {isa = PBXBuildFile; fileRef = 5C28C57E2C876B7600B742F7 /* NotificationManager.swift */; };
		5C2E2CD12C7256A100A18F4D /* TimeInterval+Extension.swift in Sources */ = {isa = PBXBuildFile; fileRef = 5C2E2CD02C7256A100A18F4D /* TimeInterval+Extension.swift */; };
		5C3016F22B9B5F340012542D /* AddNewTextView.swift in Sources */ = {isa = PBXBuildFile; fileRef = 5C3016F12B9B5F340012542D /* AddNewTextView.swift */; };
		5C3016FB2B9E0E140012542D /* TextData.swift in Sources */ = {isa = PBXBuildFile; fileRef = 5C3016FA2B9E0E140012542D /* TextData.swift */; };
		5C3016FD2B9E16D20012542D /* ListItemView.swift in Sources */ = {isa = PBXBuildFile; fileRef = 5C3016FC2B9E16D20012542D /* ListItemView.swift */; };
		5C308BD92C358A160054886B /* AddNewTextOptionsViewModel.swift in Sources */ = {isa = PBXBuildFile; fileRef = 5C308BD82C358A160054886B /* AddNewTextOptionsViewModel.swift */; };
		5C308BDB2C37060B0054886B /* CustomAlertView.swift in Sources */ = {isa = PBXBuildFile; fileRef = 5C308BDA2C37060B0054886B /* CustomAlertView.swift */; };
		5C308BE72C3BDCDA0054886B /* FontSelectorView.swift in Sources */ = {isa = PBXBuildFile; fileRef = 5C308BE62C3BDCDA0054886B /* FontSelectorView.swift */; };
		5C308BF02C3C61C50054886B /* OpenDyslexic-Italic.otf in Resources */ = {isa = PBXBuildFile; fileRef = 5C308BEC2C3C61C50054886B /* OpenDyslexic-Italic.otf */; };
		5C308BF12C3C61C50054886B /* OpenDyslexic-Bold-Italic.otf in Resources */ = {isa = PBXBuildFile; fileRef = 5C308BED2C3C61C50054886B /* OpenDyslexic-Bold-Italic.otf */; };
		5C308BF22C3C61C50054886B /* OpenDyslexic-Bold.otf in Resources */ = {isa = PBXBuildFile; fileRef = 5C308BEE2C3C61C50054886B /* OpenDyslexic-Bold.otf */; };
		5C308BF32C3C61C50054886B /* OpenDyslexic-Regular.otf in Resources */ = {isa = PBXBuildFile; fileRef = 5C308BEF2C3C61C50054886B /* OpenDyslexic-Regular.otf */; };
		5C308BFA2C3D11FE0054886B /* Fast_Sans.ttf in Resources */ = {isa = PBXBuildFile; fileRef = 5C308BF82C3D11FE0054886B /* Fast_Sans.ttf */; };
		5C308BFB2C3D11FE0054886B /* Fast_Serif.ttf in Resources */ = {isa = PBXBuildFile; fileRef = 5C308BF92C3D11FE0054886B /* Fast_Serif.ttf */; };
		5C308BFD2C3D6BC60054886B /* VoiceSampleText.swift in Sources */ = {isa = PBXBuildFile; fileRef = 5C308BFC2C3D6BC60054886B /* VoiceSampleText.swift */; };
		5C308BFF2C3E6F5C0054886B /* flagNames.swift in Sources */ = {isa = PBXBuildFile; fileRef = 5C308BFE2C3E6F5C0054886B /* flagNames.swift */; };
		5C308C0A2C3EF9400054886B /* Constants.swift in Sources */ = {isa = PBXBuildFile; fileRef = 5C308C092C3EF9400054886B /* Constants.swift */; };
		5C308C122C3F0D320054886B /* CircularProgressView.swift in Sources */ = {isa = PBXBuildFile; fileRef = 5C308C112C3F0D320054886B /* CircularProgressView.swift */; };
		5C423B762C86210A00399841 /* ReminderView.swift in Sources */ = {isa = PBXBuildFile; fileRef = 5C423B752C86210A00399841 /* ReminderView.swift */; };
		5C4454052BA35D34006DB2F5 /* AddNewTextOptionCardView.swift in Sources */ = {isa = PBXBuildFile; fileRef = 5C4454042BA35D34006DB2F5 /* AddNewTextOptionCardView.swift */; };
		5C46549E2C4BEC7200375CF5 /* String+Extension.swift in Sources */ = {isa = PBXBuildFile; fileRef = 5C46549D2C4BEC7200375CF5 /* String+Extension.swift */; };
		5C4654A22C4D041500375CF5 /* Completed.json in Resources */ = {isa = PBXBuildFile; fileRef = 5C4654A12C4D041500375CF5 /* Completed.json */; };
		5C49EC792C41A89900B15B82 /* LinearProgressBar.swift in Sources */ = {isa = PBXBuildFile; fileRef = 5C49EC782C41A89900B15B82 /* LinearProgressBar.swift */; };
		5C4D0A592C08601C00726969 /* TextDataPreviewProvider.swift in Sources */ = {isa = PBXBuildFile; fileRef = 5C4D0A582C08601C00726969 /* TextDataPreviewProvider.swift */; };
		5C5556D12C8CB25E00EF3DCB /* ReminderViewViewModel.swift in Sources */ = {isa = PBXBuildFile; fileRef = 5C5556D02C8CB25E00EF3DCB /* ReminderViewViewModel.swift */; };
		5C5E5B782BE8C2F300A9ED86 /* TextView.swift in Sources */ = {isa = PBXBuildFile; fileRef = 5C5E5B772BE8C2F300A9ED86 /* TextView.swift */; };
		5C6982112CA9BDE4001648C0 /* YouTubePlayerKit in Frameworks */ = {isa = PBXBuildFile; productRef = 5C6982102CA9BDE4001648C0 /* YouTubePlayerKit */; };
		5C6982142CA9BE0D001648C0 /* SwiftSoup in Frameworks */ = {isa = PBXBuildFile; productRef = 5C6982132CA9BE0D001648C0 /* SwiftSoup */; };
		5C6982172CA9BE72001648C0 /* Lottie in Frameworks */ = {isa = PBXBuildFile; productRef = 5C6982162CA9BE72001648C0 /* Lottie */; };
		5C69821B2CADB854001648C0 /* VoiceSettingsView.swift in Sources */ = {isa = PBXBuildFile; fileRef = 5C69821A2CADB854001648C0 /* VoiceSettingsView.swift */; };
		5C69821D2CADB8E8001648C0 /* TextDisplayCustomizationView.swift in Sources */ = {isa = PBXBuildFile; fileRef = 5C69821C2CADB8E8001648C0 /* TextDisplayCustomizationView.swift */; };
		5C6982212CADBA99001648C0 /* Text+Extension.swift in Sources */ = {isa = PBXBuildFile; fileRef = 5C6982202CADBA8D001648C0 /* Text+Extension.swift */; };
		5C77D1EF2C5AAEE800AA1223 /* NotoFont.swift in Sources */ = {isa = PBXBuildFile; fileRef = 5C77D1EE2C5AAEE800AA1223 /* NotoFont.swift */; };
		5C77D1F22C5AB0E800AA1223 /* NotoSerif-VariableFont.ttf in Resources */ = {isa = PBXBuildFile; fileRef = 5C77D1F02C5AB0E800AA1223 /* NotoSerif-VariableFont.ttf */; };
		5C77D1F32C5AB0E800AA1223 /* NotoSerif-Italic-VariableFont.ttf in Resources */ = {isa = PBXBuildFile; fileRef = 5C77D1F12C5AB0E800AA1223 /* NotoSerif-Italic-VariableFont.ttf */; };
		5C79B3872C4AD86400EDCD0E /* ModelContext+Extension.swift in Sources */ = {isa = PBXBuildFile; fileRef = 5C79B3862C4AD86400EDCD0E /* ModelContext+Extension.swift */; };
		5C7F4FE32C5D42D30018C6C0 /* InfoCardView.swift in Sources */ = {isa = PBXBuildFile; fileRef = 5C7F4FE22C5D42D30018C6C0 /* InfoCardView.swift */; };
		5C7F4FE52C5EA7FB0018C6C0 /* CustomTabView.swift in Sources */ = {isa = PBXBuildFile; fileRef = 5C7F4FE42C5EA7FB0018C6C0 /* CustomTabView.swift */; };
		5C7FD2092C7E41FB00987133 /* HomeViewModel.swift in Sources */ = {isa = PBXBuildFile; fileRef = 5C7FD2082C7E41FB00987133 /* HomeViewModel.swift */; };
		5C82EB5E2CB5A13600A7B32D /* ResetSettingsView.swift in Sources */ = {isa = PBXBuildFile; fileRef = 5C82EB5D2CB5A12F00A7B32D /* ResetSettingsView.swift */; };
		5C87CC3D2C2828180010363F /* BannerButton.swift in Sources */ = {isa = PBXBuildFile; fileRef = 5C87CC3C2C2828180010363F /* BannerButton.swift */; };
		5C87CC3F2C2895700010363F /* CustomSwitch.swift in Sources */ = {isa = PBXBuildFile; fileRef = 5C87CC3E2C2895700010363F /* CustomSwitch.swift */; };
		5C99E3142C4594ED0083A507 /* Color+Extension.swift in Sources */ = {isa = PBXBuildFile; fileRef = 5C99E3132C4594ED0083A507 /* Color+Extension.swift */; };
		5C99E3162C463F0D0083A507 /* DailyStats.swift in Sources */ = {isa = PBXBuildFile; fileRef = 5C99E3152C463F0D0083A507 /* DailyStats.swift */; };
		5C99E3182C463F980083A507 /* StatsView.swift in Sources */ = {isa = PBXBuildFile; fileRef = 5C99E3172C463F980083A507 /* StatsView.swift */; };
		5C99E3202C477AF10083A507 /* SwiftTalkApp.swift in Sources */ = {isa = PBXBuildFile; fileRef = 5C99E31F2C477AF10083A507 /* SwiftTalkApp.swift */; };
		5C99E39D2C47ACF30083A507 /* MainTabbedView.swift in Sources */ = {isa = PBXBuildFile; fileRef = 5C99E39C2C47ACF30083A507 /* MainTabbedView.swift */; };
		5C99E3A32C47BB930083A507 /* EmptyAnimation.json in Resources */ = {isa = PBXBuildFile; fileRef = 5C99E3A22C47BB930083A507 /* EmptyAnimation.json */; };
		5C99E3AE2C47FD540083A507 /* StatsViewModel.swift in Sources */ = {isa = PBXBuildFile; fileRef = 5C99E3AD2C47FD540083A507 /* StatsViewModel.swift */; };
		5C99E3B02C4807530083A507 /* ConfettiView.swift in Sources */ = {isa = PBXBuildFile; fileRef = 5C99E3AF2C4807530083A507 /* ConfettiView.swift */; };
		5C99E3B22C4813E60083A507 /* CompleteAnimation.json in Resources */ = {isa = PBXBuildFile; fileRef = 5C99E3B12C4813E60083A507 /* CompleteAnimation.json */; };
		5C99E3BE2C482C9C0083A507 /* ConfettiScene.swift in Sources */ = {isa = PBXBuildFile; fileRef = 5C99E3BD2C482C9C0083A507 /* ConfettiScene.swift */; };
		5C99E3C42C48F5870083A507 /* Confetti.sks in Resources */ = {isa = PBXBuildFile; fileRef = 5C99E3C32C48F5860083A507 /* Confetti.sks */; };
		5C9A42002BBF0BF3001F4744 /* NavigationStateViewModel.swift in Sources */ = {isa = PBXBuildFile; fileRef = 5C9A41FF2BBF0BF3001F4744 /* NavigationStateViewModel.swift */; };
		5C9CA2972C68F88100F72FB3 /* ProcessProgressCardView.swift in Sources */ = {isa = PBXBuildFile; fileRef = 5C9CA2962C68F88100F72FB3 /* ProcessProgressCardView.swift */; };
		5C9CA29B2C6907CC00F72FB3 /* GearsAnimation.json in Resources */ = {isa = PBXBuildFile; fileRef = 5C9CA29A2C6907CC00F72FB3 /* GearsAnimation.json */; };
		5CAC44FE2C0639EB001E13CA /* Binding+Extension.swift in Sources */ = {isa = PBXBuildFile; fileRef = 5CAC44FD2C0639EB001E13CA /* Binding+Extension.swift */; };
		5CB0EA9F2BA2B67500648414 /* VoiceSelectorView.swift in Sources */ = {isa = PBXBuildFile; fileRef = 5CB0EA9E2BA2B67500648414 /* VoiceSelectorView.swift */; };
		5CDF5F102BD0EB6E00534B6B /* ImagePicker.swift in Sources */ = {isa = PBXBuildFile; fileRef = 5CDF5F0F2BD0EB6E00534B6B /* ImagePicker.swift */; };
		5CE2A8F32B9F781300665B1F /* AddNewTextOptionsView.swift in Sources */ = {isa = PBXBuildFile; fileRef = 5CE2A8F22B9F781300665B1F /* AddNewTextOptionsView.swift */; };
		5CE37DE02CA85757001686DF /* Assets.xcassets in Resources */ = {isa = PBXBuildFile; fileRef = 5CE37DDF2CA85757001686DF /* Assets.xcassets */; };
		5CE8E82A2C131436009FDAE2 /* DataCoordinator.swift in Sources */ = {isa = PBXBuildFile; fileRef = 5CE8E8292C131436009FDAE2 /* DataCoordinator.swift */; };
		5CFA8E912C90AB5F0088833A /* MainSettingsView.swift in Sources */ = {isa = PBXBuildFile; fileRef = 5CFA8E902C90AB5F0088833A /* MainSettingsView.swift */; };
		5CFA8E932C90C1850088833A /* Bundle+Extensions.swift in Sources */ = {isa = PBXBuildFile; fileRef = 5CFA8E922C90C1850088833A /* Bundle+Extensions.swift */; };
		5CFA8E952C90C4F90088833A /* LeaveReviewView.swift in Sources */ = {isa = PBXBuildFile; fileRef = 5CFA8E942C90C4F90088833A /* LeaveReviewView.swift */; };
		5CFA8E972C92E75D0088833A /* GetNeuralVoicesView.swift in Sources */ = {isa = PBXBuildFile; fileRef = 5CFA8E962C92E75D0088833A /* GetNeuralVoicesView.swift */; };
		5CFAF9502BC2FBFA003726AA /* Voice.swift in Sources */ = {isa = PBXBuildFile; fileRef = 5CFAF94F2BC2FBFA003726AA /* Voice.swift */; };
		5CFAF9522BC3BE91003726AA /* AddNewTextViewModel.swift in Sources */ = {isa = PBXBuildFile; fileRef = 5CFAF9512BC3BE91003726AA /* AddNewTextViewModel.swift */; };
		5CFAF9542BC522DB003726AA /* SettingsView.swift in Sources */ = {isa = PBXBuildFile; fileRef = 5CFAF9532BC522DB003726AA /* SettingsView.swift */; };
		5CFAF9592BC6D376003726AA /* SpeechSynthesizer.swift in Sources */ = {isa = PBXBuildFile; fileRef = 5CFAF9582BC6D376003726AA /* SpeechSynthesizer.swift */; };
		5CFAF95B2BC99C08003726AA /* VoiceSelectorListItemView.swift in Sources */ = {isa = PBXBuildFile; fileRef = 5CFAF95A2BC99C08003726AA /* VoiceSelectorListItemView.swift */; };
		5CFAF95D2BCA737D003726AA /* WebLinkTextSheetView.swift in Sources */ = {isa = PBXBuildFile; fileRef = 5CFAF95C2BCA737C003726AA /* WebLinkTextSheetView.swift */; };
/* End PBXBuildFile section */

/* Begin PBXFileReference section */
		5C0586DA2C4D84F9007915F2 /* StatsChartAnimation.json */ = {isa = PBXFileReference; fileEncoding = 4; lastKnownFileType = text.json; path = StatsChartAnimation.json; sourceTree = "<group>"; };
		5C1B5CAA2C6341FC00F50435 /* BackgroundView.swift */ = {isa = PBXFileReference; lastKnownFileType = sourcecode.swift; path = BackgroundView.swift; sourceTree = "<group>"; };
		5C21D1D82B99E8E4009C0A6B /* SwiftTalk.app */ = {isa = PBXFileReference; explicitFileType = wrapper.application; includeInIndex = 0; path = SwiftTalk.app; sourceTree = BUILT_PRODUCTS_DIR; };
		5C21D1DD2B99E8E4009C0A6B /* HomeView.swift */ = {isa = PBXFileReference; lastKnownFileType = sourcecode.swift; path = HomeView.swift; sourceTree = "<group>"; };
		5C21D1E22B99E8E6009C0A6B /* Preview Assets.xcassets */ = {isa = PBXFileReference; lastKnownFileType = folder.assetcatalog; path = "Preview Assets.xcassets"; sourceTree = "<group>"; };
		5C28C57E2C876B7600B742F7 /* NotificationManager.swift */ = {isa = PBXFileReference; lastKnownFileType = sourcecode.swift; path = NotificationManager.swift; sourceTree = "<group>"; };
		5C2E2CD02C7256A100A18F4D /* TimeInterval+Extension.swift */ = {isa = PBXFileReference; lastKnownFileType = sourcecode.swift; path = "TimeInterval+Extension.swift"; sourceTree = "<group>"; };
		5C3016F12B9B5F340012542D /* AddNewTextView.swift */ = {isa = PBXFileReference; lastKnownFileType = sourcecode.swift; path = AddNewTextView.swift; sourceTree = "<group>"; wrapsLines = 1; };
		5C3016F32B9B64770012542D /* Info.plist */ = {isa = PBXFileReference; lastKnownFileType = text.plist; path = Info.plist; sourceTree = "<group>"; };
		5C3016FA2B9E0E140012542D /* TextData.swift */ = {isa = PBXFileReference; lastKnownFileType = sourcecode.swift; path = TextData.swift; sourceTree = "<group>"; };
		5C3016FC2B9E16D20012542D /* ListItemView.swift */ = {isa = PBXFileReference; lastKnownFileType = sourcecode.swift; path = ListItemView.swift; sourceTree = "<group>"; };
		5C308BD82C358A160054886B /* AddNewTextOptionsViewModel.swift */ = {isa = PBXFileReference; lastKnownFileType = sourcecode.swift; path = AddNewTextOptionsViewModel.swift; sourceTree = "<group>"; };
		5C308BDA2C37060B0054886B /* CustomAlertView.swift */ = {isa = PBXFileReference; lastKnownFileType = sourcecode.swift; path = CustomAlertView.swift; sourceTree = "<group>"; };
		5C308BE62C3BDCDA0054886B /* FontSelectorView.swift */ = {isa = PBXFileReference; lastKnownFileType = sourcecode.swift; path = FontSelectorView.swift; sourceTree = "<group>"; };
		5C308BEC2C3C61C50054886B /* OpenDyslexic-Italic.otf */ = {isa = PBXFileReference; lastKnownFileType = file; path = "OpenDyslexic-Italic.otf"; sourceTree = "<group>"; };
		5C308BED2C3C61C50054886B /* OpenDyslexic-Bold-Italic.otf */ = {isa = PBXFileReference; lastKnownFileType = file; path = "OpenDyslexic-Bold-Italic.otf"; sourceTree = "<group>"; };
		5C308BEE2C3C61C50054886B /* OpenDyslexic-Bold.otf */ = {isa = PBXFileReference; lastKnownFileType = file; path = "OpenDyslexic-Bold.otf"; sourceTree = "<group>"; };
		5C308BEF2C3C61C50054886B /* OpenDyslexic-Regular.otf */ = {isa = PBXFileReference; lastKnownFileType = file; path = "OpenDyslexic-Regular.otf"; sourceTree = "<group>"; };
		5C308BF82C3D11FE0054886B /* Fast_Sans.ttf */ = {isa = PBXFileReference; lastKnownFileType = file; path = Fast_Sans.ttf; sourceTree = "<group>"; };
		5C308BF92C3D11FE0054886B /* Fast_Serif.ttf */ = {isa = PBXFileReference; lastKnownFileType = file; path = Fast_Serif.ttf; sourceTree = "<group>"; };
		5C308BFC2C3D6BC60054886B /* VoiceSampleText.swift */ = {isa = PBXFileReference; lastKnownFileType = sourcecode.swift; path = VoiceSampleText.swift; sourceTree = "<group>"; };
		5C308BFE2C3E6F5C0054886B /* flagNames.swift */ = {isa = PBXFileReference; lastKnownFileType = sourcecode.swift; path = flagNames.swift; sourceTree = "<group>"; };
		5C308C092C3EF9400054886B /* Constants.swift */ = {isa = PBXFileReference; fileEncoding = 4; lastKnownFileType = sourcecode.swift; path = Constants.swift; sourceTree = "<group>"; };
		5C308C112C3F0D320054886B /* CircularProgressView.swift */ = {isa = PBXFileReference; lastKnownFileType = sourcecode.swift; path = CircularProgressView.swift; sourceTree = "<group>"; };
		5C423B752C86210A00399841 /* ReminderView.swift */ = {isa = PBXFileReference; lastKnownFileType = sourcecode.swift; path = ReminderView.swift; sourceTree = "<group>"; };
		5C4454042BA35D34006DB2F5 /* AddNewTextOptionCardView.swift */ = {isa = PBXFileReference; lastKnownFileType = sourcecode.swift; path = AddNewTextOptionCardView.swift; sourceTree = "<group>"; };
		5C46549D2C4BEC7200375CF5 /* String+Extension.swift */ = {isa = PBXFileReference; lastKnownFileType = sourcecode.swift; path = "String+Extension.swift"; sourceTree = "<group>"; };
		5C4654A12C4D041500375CF5 /* Completed.json */ = {isa = PBXFileReference; fileEncoding = 4; lastKnownFileType = text.json; path = Completed.json; sourceTree = "<group>"; };
		5C49EC782C41A89900B15B82 /* LinearProgressBar.swift */ = {isa = PBXFileReference; lastKnownFileType = sourcecode.swift; path = LinearProgressBar.swift; sourceTree = "<group>"; };
		5C4D0A582C08601C00726969 /* TextDataPreviewProvider.swift */ = {isa = PBXFileReference; lastKnownFileType = sourcecode.swift; path = TextDataPreviewProvider.swift; sourceTree = "<group>"; };
		5C5556D02C8CB25E00EF3DCB /* ReminderViewViewModel.swift */ = {isa = PBXFileReference; lastKnownFileType = sourcecode.swift; path = ReminderViewViewModel.swift; sourceTree = "<group>"; };
		5C5E5B772BE8C2F300A9ED86 /* TextView.swift */ = {isa = PBXFileReference; lastKnownFileType = sourcecode.swift; path = TextView.swift; sourceTree = "<group>"; };
		5C69821A2CADB854001648C0 /* VoiceSettingsView.swift */ = {isa = PBXFileReference; lastKnownFileType = sourcecode.swift; path = VoiceSettingsView.swift; sourceTree = "<group>"; };
		5C69821C2CADB8E8001648C0 /* TextDisplayCustomizationView.swift */ = {isa = PBXFileReference; lastKnownFileType = sourcecode.swift; path = TextDisplayCustomizationView.swift; sourceTree = "<group>"; };
		5C6982202CADBA8D001648C0 /* Text+Extension.swift */ = {isa = PBXFileReference; lastKnownFileType = sourcecode.swift; path = "Text+Extension.swift"; sourceTree = "<group>"; };
		5C77D1EE2C5AAEE800AA1223 /* NotoFont.swift */ = {isa = PBXFileReference; lastKnownFileType = sourcecode.swift; path = NotoFont.swift; sourceTree = "<group>"; };
		5C77D1F02C5AB0E800AA1223 /* NotoSerif-VariableFont.ttf */ = {isa = PBXFileReference; lastKnownFileType = file; path = "NotoSerif-VariableFont.ttf"; sourceTree = "<group>"; };
		5C77D1F12C5AB0E800AA1223 /* NotoSerif-Italic-VariableFont.ttf */ = {isa = PBXFileReference; lastKnownFileType = file; path = "NotoSerif-Italic-VariableFont.ttf"; sourceTree = "<group>"; };
		5C79B3862C4AD86400EDCD0E /* ModelContext+Extension.swift */ = {isa = PBXFileReference; lastKnownFileType = sourcecode.swift; path = "ModelContext+Extension.swift"; sourceTree = "<group>"; };
		5C7F4FE22C5D42D30018C6C0 /* InfoCardView.swift */ = {isa = PBXFileReference; lastKnownFileType = sourcecode.swift; path = InfoCardView.swift; sourceTree = "<group>"; };
		5C7F4FE42C5EA7FB0018C6C0 /* CustomTabView.swift */ = {isa = PBXFileReference; lastKnownFileType = sourcecode.swift; path = CustomTabView.swift; sourceTree = "<group>"; };
		5C7FD2082C7E41FB00987133 /* HomeViewModel.swift */ = {isa = PBXFileReference; lastKnownFileType = sourcecode.swift; path = HomeViewModel.swift; sourceTree = "<group>"; };
		5C82EB5D2CB5A12F00A7B32D /* ResetSettingsView.swift */ = {isa = PBXFileReference; lastKnownFileType = sourcecode.swift; path = ResetSettingsView.swift; sourceTree = "<group>"; };
		5C87CC3C2C2828180010363F /* BannerButton.swift */ = {isa = PBXFileReference; lastKnownFileType = sourcecode.swift; path = BannerButton.swift; sourceTree = "<group>"; };
		5C87CC3E2C2895700010363F /* CustomSwitch.swift */ = {isa = PBXFileReference; lastKnownFileType = sourcecode.swift; path = CustomSwitch.swift; sourceTree = "<group>"; };
		5C99E3132C4594ED0083A507 /* Color+Extension.swift */ = {isa = PBXFileReference; lastKnownFileType = sourcecode.swift; path = "Color+Extension.swift"; sourceTree = "<group>"; };
		5C99E3152C463F0D0083A507 /* DailyStats.swift */ = {isa = PBXFileReference; lastKnownFileType = sourcecode.swift; path = DailyStats.swift; sourceTree = "<group>"; };
		5C99E3172C463F980083A507 /* StatsView.swift */ = {isa = PBXFileReference; lastKnownFileType = sourcecode.swift; path = StatsView.swift; sourceTree = "<group>"; };
		5C99E31F2C477AF10083A507 /* SwiftTalkApp.swift */ = {isa = PBXFileReference; lastKnownFileType = sourcecode.swift; path = SwiftTalkApp.swift; sourceTree = "<group>"; };
		5C99E39C2C47ACF30083A507 /* MainTabbedView.swift */ = {isa = PBXFileReference; lastKnownFileType = sourcecode.swift; path = MainTabbedView.swift; sourceTree = "<group>"; };
		5C99E3A22C47BB930083A507 /* EmptyAnimation.json */ = {isa = PBXFileReference; fileEncoding = 4; lastKnownFileType = text.json; path = EmptyAnimation.json; sourceTree = "<group>"; };
		5C99E3AD2C47FD540083A507 /* StatsViewModel.swift */ = {isa = PBXFileReference; fileEncoding = 4; lastKnownFileType = sourcecode.swift; path = StatsViewModel.swift; sourceTree = "<group>"; };
		5C99E3AF2C4807530083A507 /* ConfettiView.swift */ = {isa = PBXFileReference; lastKnownFileType = sourcecode.swift; path = ConfettiView.swift; sourceTree = "<group>"; };
		5C99E3B12C4813E60083A507 /* CompleteAnimation.json */ = {isa = PBXFileReference; fileEncoding = 4; lastKnownFileType = text.json; path = CompleteAnimation.json; sourceTree = "<group>"; };
		5C99E3BD2C482C9C0083A507 /* ConfettiScene.swift */ = {isa = PBXFileReference; lastKnownFileType = sourcecode.swift; path = ConfettiScene.swift; sourceTree = "<group>"; };
		5C99E3C32C48F5860083A507 /* Confetti.sks */ = {isa = PBXFileReference; lastKnownFileType = file.sks; path = Confetti.sks; sourceTree = "<group>"; };
		5C9A41FF2BBF0BF3001F4744 /* NavigationStateViewModel.swift */ = {isa = PBXFileReference; lastKnownFileType = sourcecode.swift; path = NavigationStateViewModel.swift; sourceTree = "<group>"; };
		5C9CA2962C68F88100F72FB3 /* ProcessProgressCardView.swift */ = {isa = PBXFileReference; lastKnownFileType = sourcecode.swift; path = ProcessProgressCardView.swift; sourceTree = "<group>"; };
		5C9CA29A2C6907CC00F72FB3 /* GearsAnimation.json */ = {isa = PBXFileReference; fileEncoding = 4; lastKnownFileType = text.json; path = GearsAnimation.json; sourceTree = "<group>"; };
		5CAC44FD2C0639EB001E13CA /* Binding+Extension.swift */ = {isa = PBXFileReference; lastKnownFileType = sourcecode.swift; path = "Binding+Extension.swift"; sourceTree = "<group>"; };
		5CB0EA9E2BA2B67500648414 /* VoiceSelectorView.swift */ = {isa = PBXFileReference; lastKnownFileType = sourcecode.swift; path = VoiceSelectorView.swift; sourceTree = "<group>"; };
		5CDF5F0F2BD0EB6E00534B6B /* ImagePicker.swift */ = {isa = PBXFileReference; lastKnownFileType = sourcecode.swift; path = ImagePicker.swift; sourceTree = "<group>"; };
		5CE2A8F22B9F781300665B1F /* AddNewTextOptionsView.swift */ = {isa = PBXFileReference; fileEncoding = 4; lastKnownFileType = sourcecode.swift; path = AddNewTextOptionsView.swift; sourceTree = "<group>"; };
		5CE37DDF2CA85757001686DF /* Assets.xcassets */ = {isa = PBXFileReference; lastKnownFileType = folder.assetcatalog; path = Assets.xcassets; sourceTree = "<group>"; };
		5CE8E8292C131436009FDAE2 /* DataCoordinator.swift */ = {isa = PBXFileReference; lastKnownFileType = sourcecode.swift; path = DataCoordinator.swift; sourceTree = "<group>"; };
		5CFA8E902C90AB5F0088833A /* MainSettingsView.swift */ = {isa = PBXFileReference; lastKnownFileType = sourcecode.swift; path = MainSettingsView.swift; sourceTree = "<group>"; };
		5CFA8E922C90C1850088833A /* Bundle+Extensions.swift */ = {isa = PBXFileReference; lastKnownFileType = sourcecode.swift; path = "Bundle+Extensions.swift"; sourceTree = "<group>"; };
		5CFA8E942C90C4F90088833A /* LeaveReviewView.swift */ = {isa = PBXFileReference; lastKnownFileType = sourcecode.swift; path = LeaveReviewView.swift; sourceTree = "<group>"; };
		5CFA8E962C92E75D0088833A /* GetNeuralVoicesView.swift */ = {isa = PBXFileReference; lastKnownFileType = sourcecode.swift; path = GetNeuralVoicesView.swift; sourceTree = "<group>"; };
		5CFAF94F2BC2FBFA003726AA /* Voice.swift */ = {isa = PBXFileReference; lastKnownFileType = sourcecode.swift; path = Voice.swift; sourceTree = "<group>"; };
		5CFAF9512BC3BE91003726AA /* AddNewTextViewModel.swift */ = {isa = PBXFileReference; lastKnownFileType = sourcecode.swift; path = AddNewTextViewModel.swift; sourceTree = "<group>"; };
		5CFAF9532BC522DB003726AA /* SettingsView.swift */ = {isa = PBXFileReference; lastKnownFileType = sourcecode.swift; path = SettingsView.swift; sourceTree = "<group>"; };
		5CFAF9582BC6D376003726AA /* SpeechSynthesizer.swift */ = {isa = PBXFileReference; lastKnownFileType = sourcecode.swift; path = SpeechSynthesizer.swift; sourceTree = "<group>"; };
		5CFAF95A2BC99C08003726AA /* VoiceSelectorListItemView.swift */ = {isa = PBXFileReference; lastKnownFileType = sourcecode.swift; path = VoiceSelectorListItemView.swift; sourceTree = "<group>"; };
		5CFAF95C2BCA737C003726AA /* WebLinkTextSheetView.swift */ = {isa = PBXFileReference; lastKnownFileType = sourcecode.swift; path = WebLinkTextSheetView.swift; sourceTree = "<group>"; };
/* End PBXFileReference section */

/* Begin PBXFrameworksBuildPhase section */
		5C21D1D52B99E8E4009C0A6B /* Frameworks */ = {
			isa = PBXFrameworksBuildPhase;
			buildActionMask = 2147483647;
			files = (
				5C6982112CA9BDE4001648C0 /* YouTubePlayerKit in Frameworks */,
				5C6982142CA9BE0D001648C0 /* SwiftSoup in Frameworks */,
				5C6982172CA9BE72001648C0 /* Lottie in Frameworks */,
			);
			runOnlyForDeploymentPostprocessing = 0;
		};
/* End PBXFrameworksBuildPhase section */

/* Begin PBXGroup section */
		5C21D1CF2B99E8E4009C0A6B = {
			isa = PBXGroup;
			children = (
				5C21D1DA2B99E8E4009C0A6B /* SwiftTalk */,
				5C21D1D92B99E8E4009C0A6B /* Products */,
			);
			sourceTree = "<group>";
		};
		5C21D1D92B99E8E4009C0A6B /* Products */ = {
			isa = PBXGroup;
			children = (
				5C21D1D82B99E8E4009C0A6B /* SwiftTalk.app */,
			);
			name = Products;
			sourceTree = "<group>";
		};
		5C21D1DA2B99E8E4009C0A6B /* SwiftTalk */ = {
			isa = PBXGroup;
			children = (
				5C99E3212C477B1A0083A507 /* App */,
				5C99E3A12C47BB730083A507 /* LottieAnimationJson */,
				5CE8E8282C131415009FDAE2 /* Coordinator */,
				5CAC44FC2C0639B5001E13CA /* Extensions */,
				5CFAF9572BC6D356003726AA /* Managers */,
				5CB0EA942BA092E000648414 /* Globals */,
				5C3016F92B9E0DE80012542D /* Model */,
				5C3016F42B9B652F0012542D /* Fonts */,
				5C9A42012BBF0CED001F4744 /* ViewModel */,
				5C9A42022BBF0D10001F4744 /* Views */,
				5C3016F32B9B64770012542D /* Info.plist */,
				5CE37DDF2CA85757001686DF /* Assets.xcassets */,
				5C21D1E12B99E8E6009C0A6B /* Preview Content */,
				5C99E3C32C48F5860083A507 /* Confetti.sks */,
			);
			path = SwiftTalk;
			sourceTree = "<group>";
		};
		5C21D1E12B99E8E6009C0A6B /* Preview Content */ = {
			isa = PBXGroup;
			children = (
				5C21D1E22B99E8E6009C0A6B /* Preview Assets.xcassets */,
				5C4D0A582C08601C00726969 /* TextDataPreviewProvider.swift */,
			);
			path = "Preview Content";
			sourceTree = "<group>";
		};
		5C3016F42B9B652F0012542D /* Fonts */ = {
			isa = PBXGroup;
			children = (
				5C308BF82C3D11FE0054886B /* Fast_Sans.ttf */,
				5C308BF92C3D11FE0054886B /* Fast_Serif.ttf */,
				5C77D1F12C5AB0E800AA1223 /* NotoSerif-Italic-VariableFont.ttf */,
				5C77D1F02C5AB0E800AA1223 /* NotoSerif-VariableFont.ttf */,
				5C308BED2C3C61C50054886B /* OpenDyslexic-Bold-Italic.otf */,
				5C308BEE2C3C61C50054886B /* OpenDyslexic-Bold.otf */,
				5C308BEC2C3C61C50054886B /* OpenDyslexic-Italic.otf */,
				5C308BEF2C3C61C50054886B /* OpenDyslexic-Regular.otf */,
				5C77D1EE2C5AAEE800AA1223 /* NotoFont.swift */,
			);
			path = Fonts;
			sourceTree = "<group>";
		};
		5C3016F92B9E0DE80012542D /* Model */ = {
			isa = PBXGroup;
			children = (
				5C3016FA2B9E0E140012542D /* TextData.swift */,
				5CFAF94F2BC2FBFA003726AA /* Voice.swift */,
				5C99E3152C463F0D0083A507 /* DailyStats.swift */,
			);
			path = Model;
			sourceTree = "<group>";
		};
		5C77D1F82C5C023F00AA1223 /* Components */ = {
			isa = PBXGroup;
			children = (
				5C308BDA2C37060B0054886B /* CustomAlertView.swift */,
				5C308C112C3F0D320054886B /* CircularProgressView.swift */,
				5C49EC782C41A89900B15B82 /* LinearProgressBar.swift */,
				5CFA8E942C90C4F90088833A /* LeaveReviewView.swift */,
				5C99E3AF2C4807530083A507 /* ConfettiView.swift */,
				5C87CC3E2C2895700010363F /* CustomSwitch.swift */,
				5C87CC3C2C2828180010363F /* BannerButton.swift */,
				5C7F4FE42C5EA7FB0018C6C0 /* CustomTabView.swift */,
				5C1B5CAA2C6341FC00F50435 /* BackgroundView.swift */,
				5C7F4FE22C5D42D30018C6C0 /* InfoCardView.swift */,
				5C9CA2962C68F88100F72FB3 /* ProcessProgressCardView.swift */,
				5CFA8E962C92E75D0088833A /* GetNeuralVoicesView.swift */,
			);
			path = Components;
			sourceTree = "<group>";
		};
		5C99E3212C477B1A0083A507 /* App */ = {
			isa = PBXGroup;
			children = (
				5C99E31F2C477AF10083A507 /* SwiftTalkApp.swift */,
				5C99E3BD2C482C9C0083A507 /* ConfettiScene.swift */,
			);
			path = App;
			sourceTree = "<group>";
		};
		5C99E3A12C47BB730083A507 /* LottieAnimationJson */ = {
			isa = PBXGroup;
			children = (
				5C0586DA2C4D84F9007915F2 /* StatsChartAnimation.json */,
				5C4654A12C4D041500375CF5 /* Completed.json */,
				5C9CA29A2C6907CC00F72FB3 /* GearsAnimation.json */,
				5C99E3B12C4813E60083A507 /* CompleteAnimation.json */,
				5C99E3A22C47BB930083A507 /* EmptyAnimation.json */,
			);
			path = LottieAnimationJson;
			sourceTree = "<group>";
		};
		5C9A42012BBF0CED001F4744 /* ViewModel */ = {
			isa = PBXGroup;
			children = (
				5C9A41FF2BBF0BF3001F4744 /* NavigationStateViewModel.swift */,
				5C99E3AD2C47FD540083A507 /* StatsViewModel.swift */,
				5CFAF9512BC3BE91003726AA /* AddNewTextViewModel.swift */,
				5C308BD82C358A160054886B /* AddNewTextOptionsViewModel.swift */,
				5C7FD2082C7E41FB00987133 /* HomeViewModel.swift */,
				5C5556D02C8CB25E00EF3DCB /* ReminderViewViewModel.swift */,
			);
			path = ViewModel;
			sourceTree = "<group>";
		};
		5C9A42022BBF0D10001F4744 /* Views */ = {
			isa = PBXGroup;
			children = (
				5C77D1F82C5C023F00AA1223 /* Components */,
				5C21D1DD2B99E8E4009C0A6B /* HomeView.swift */,
				5C82EB5D2CB5A12F00A7B32D /* ResetSettingsView.swift */,
				5CFA8E902C90AB5F0088833A /* MainSettingsView.swift */,
				5C99E39C2C47ACF30083A507 /* MainTabbedView.swift */,
				5C3016FC2B9E16D20012542D /* ListItemView.swift */,
				5C69821C2CADB8E8001648C0 /* TextDisplayCustomizationView.swift */,
				5CE2A8F22B9F781300665B1F /* AddNewTextOptionsView.swift */,
				5C4454042BA35D34006DB2F5 /* AddNewTextOptionCardView.swift */,
				5C3016F12B9B5F340012542D /* AddNewTextView.swift */,
				5C99E3172C463F980083A507 /* StatsView.swift */,
				5CFAF9532BC522DB003726AA /* SettingsView.swift */,
				5C69821A2CADB854001648C0 /* VoiceSettingsView.swift */,
				5CB0EA9E2BA2B67500648414 /* VoiceSelectorView.swift */,
				5CFAF95A2BC99C08003726AA /* VoiceSelectorListItemView.swift */,
				5CFAF95C2BCA737C003726AA /* WebLinkTextSheetView.swift */,
				5CDF5F0F2BD0EB6E00534B6B /* ImagePicker.swift */,
				5C423B752C86210A00399841 /* ReminderView.swift */,
				5C5E5B772BE8C2F300A9ED86 /* TextView.swift */,
				5C308BE62C3BDCDA0054886B /* FontSelectorView.swift */,
			);
			path = Views;
			sourceTree = "<group>";
		};
		5CAC44FC2C0639B5001E13CA /* Extensions */ = {
			isa = PBXGroup;
			children = (
				5C6982202CADBA8D001648C0 /* Text+Extension.swift */,
				5CAC44FD2C0639EB001E13CA /* Binding+Extension.swift */,
				5C99E3132C4594ED0083A507 /* Color+Extension.swift */,
				5C79B3862C4AD86400EDCD0E /* ModelContext+Extension.swift */,
				5C46549D2C4BEC7200375CF5 /* String+Extension.swift */,
				5C2E2CD02C7256A100A18F4D /* TimeInterval+Extension.swift */,
				5CFA8E922C90C1850088833A /* Bundle+Extensions.swift */,
			);
			path = Extensions;
			sourceTree = "<group>";
		};
		5CB0EA942BA092E000648414 /* Globals */ = {
			isa = PBXGroup;
			children = (
				5C308C092C3EF9400054886B /* Constants.swift */,
				5C308BFC2C3D6BC60054886B /* VoiceSampleText.swift */,
				5C308BFE2C3E6F5C0054886B /* flagNames.swift */,
			);
			path = Globals;
			sourceTree = "<group>";
		};
		5CE8E8282C131415009FDAE2 /* Coordinator */ = {
			isa = PBXGroup;
			children = (
				5CE8E8292C131436009FDAE2 /* DataCoordinator.swift */,
			);
			path = Coordinator;
			sourceTree = "<group>";
		};
		5CFAF9572BC6D356003726AA /* Managers */ = {
			isa = PBXGroup;
			children = (
				5CFAF9582BC6D376003726AA /* SpeechSynthesizer.swift */,
				5C28C57E2C876B7600B742F7 /* NotificationManager.swift */,
			);
			path = Managers;
			sourceTree = "<group>";
		};
/* End PBXGroup section */

/* Begin PBXNativeTarget section */
		5C21D1D72B99E8E4009C0A6B /* SwiftTalk */ = {
			isa = PBXNativeTarget;
			buildConfigurationList = 5C21D1E62B99E8E6009C0A6B /* Build configuration list for PBXNativeTarget "SwiftTalk" */;
			buildPhases = (
				5C21D1D42B99E8E4009C0A6B /* Sources */,
				5C21D1D52B99E8E4009C0A6B /* Frameworks */,
				5C21D1D62B99E8E4009C0A6B /* Resources */,
			);
			buildRules = (
			);
			dependencies = (
			);
			name = SwiftTalk;
			packageProductDependencies = (
				5C6982102CA9BDE4001648C0 /* YouTubePlayerKit */,
				5C6982132CA9BE0D001648C0 /* SwiftSoup */,
				5C6982162CA9BE72001648C0 /* Lottie */,
			);
			productName = SwiftTalk;
			productReference = 5C21D1D82B99E8E4009C0A6B /* SwiftTalk.app */;
			productType = "com.apple.product-type.application";
		};
/* End PBXNativeTarget section */

/* Begin PBXProject section */
		5C21D1D02B99E8E4009C0A6B /* Project object */ = {
			isa = PBXProject;
			attributes = {
				BuildIndependentTargetsInParallel = 1;
				LastSwiftUpdateCheck = 1520;
				LastUpgradeCheck = 1520;
				TargetAttributes = {
					5C21D1D72B99E8E4009C0A6B = {
						CreatedOnToolsVersion = 15.2;
					};
				};
			};
			buildConfigurationList = 5C21D1D32B99E8E4009C0A6B /* Build configuration list for PBXProject "SwiftTalk" */;
			compatibilityVersion = "Xcode 14.0";
			developmentRegion = en;
			hasScannedForEncodings = 0;
			knownRegions = (
				en,
				Base,
			);
			mainGroup = 5C21D1CF2B99E8E4009C0A6B;
			packageReferences = (
				5C69820F2CA9BDE4001648C0 /* XCRemoteSwiftPackageReference "YouTubePlayerKit" */,
				5C6982122CA9BE0D001648C0 /* XCRemoteSwiftPackageReference "SwiftSoup" */,
				5C6982152CA9BE72001648C0 /* XCRemoteSwiftPackageReference "lottie-ios" */,
			);
			productRefGroup = 5C21D1D92B99E8E4009C0A6B /* Products */;
			projectDirPath = "";
			projectRoot = "";
			targets = (
				5C21D1D72B99E8E4009C0A6B /* SwiftTalk */,
			);
		};
/* End PBXProject section */

/* Begin PBXResourcesBuildPhase section */
		5C21D1D62B99E8E4009C0A6B /* Resources */ = {
			isa = PBXResourcesBuildPhase;
			buildActionMask = 2147483647;
			files = (
				5C308BF02C3C61C50054886B /* OpenDyslexic-Italic.otf in Resources */,
				5C99E3B22C4813E60083A507 /* CompleteAnimation.json in Resources */,
				5C0586DB2C4D84F9007915F2 /* StatsChartAnimation.json in Resources */,
				5C308BF32C3C61C50054886B /* OpenDyslexic-Regular.otf in Resources */,
				5C77D1F32C5AB0E800AA1223 /* NotoSerif-Italic-VariableFont.ttf in Resources */,
				5C99E3A32C47BB930083A507 /* EmptyAnimation.json in Resources */,
				5C99E3C42C48F5870083A507 /* Confetti.sks in Resources */,
				5C21D1E32B99E8E6009C0A6B /* Preview Assets.xcassets in Resources */,
				5C77D1F22C5AB0E800AA1223 /* NotoSerif-VariableFont.ttf in Resources */,
				5C308BFA2C3D11FE0054886B /* Fast_Sans.ttf in Resources */,
				5C4654A22C4D041500375CF5 /* Completed.json in Resources */,
				5C308BFB2C3D11FE0054886B /* Fast_Serif.ttf in Resources */,
				5C9CA29B2C6907CC00F72FB3 /* GearsAnimation.json in Resources */,
				5C308BF12C3C61C50054886B /* OpenDyslexic-Bold-Italic.otf in Resources */,
				5CE37DE02CA85757001686DF /* Assets.xcassets in Resources */,
				5C308BF22C3C61C50054886B /* OpenDyslexic-Bold.otf in Resources */,
			);
			runOnlyForDeploymentPostprocessing = 0;
		};
/* End PBXResourcesBuildPhase section */

/* Begin PBXSourcesBuildPhase section */
		5C21D1D42B99E8E4009C0A6B /* Sources */ = {
			isa = PBXSourcesBuildPhase;
			buildActionMask = 2147483647;
			files = (
				5C308BDB2C37060B0054886B /* CustomAlertView.swift in Sources */,
				5C308C0A2C3EF9400054886B /* Constants.swift in Sources */,
				5C308BD92C358A160054886B /* AddNewTextOptionsViewModel.swift in Sources */,
				5CFA8E932C90C1850088833A /* Bundle+Extensions.swift in Sources */,
				5C69821D2CADB8E8001648C0 /* TextDisplayCustomizationView.swift in Sources */,
				5C87CC3D2C2828180010363F /* BannerButton.swift in Sources */,
				5C77D1EF2C5AAEE800AA1223 /* NotoFont.swift in Sources */,
				5C7FD2092C7E41FB00987133 /* HomeViewModel.swift in Sources */,
				5C28C57F2C876B7600B742F7 /* NotificationManager.swift in Sources */,
				5C3016FD2B9E16D20012542D /* ListItemView.swift in Sources */,
				5C308BE72C3BDCDA0054886B /* FontSelectorView.swift in Sources */,
				5CE2A8F32B9F781300665B1F /* AddNewTextOptionsView.swift in Sources */,
				5C5556D12C8CB25E00EF3DCB /* ReminderViewViewModel.swift in Sources */,
				5C3016FB2B9E0E140012542D /* TextData.swift in Sources */,
				5C7F4FE32C5D42D30018C6C0 /* InfoCardView.swift in Sources */,
				5C99E3162C463F0D0083A507 /* DailyStats.swift in Sources */,
				5CFAF9592BC6D376003726AA /* SpeechSynthesizer.swift in Sources */,
				5C3016F22B9B5F340012542D /* AddNewTextView.swift in Sources */,
				5CFAF9502BC2FBFA003726AA /* Voice.swift in Sources */,
				5C79B3872C4AD86400EDCD0E /* ModelContext+Extension.swift in Sources */,
				5C308BFF2C3E6F5C0054886B /* flagNames.swift in Sources */,
				5CB0EA9F2BA2B67500648414 /* VoiceSelectorView.swift in Sources */,
				5C2E2CD12C7256A100A18F4D /* TimeInterval+Extension.swift in Sources */,
				5C308BFD2C3D6BC60054886B /* VoiceSampleText.swift in Sources */,
				5C5E5B782BE8C2F300A9ED86 /* TextView.swift in Sources */,
				5C99E39D2C47ACF30083A507 /* MainTabbedView.swift in Sources */,
				5CFAF9542BC522DB003726AA /* SettingsView.swift in Sources */,
				5CE8E82A2C131436009FDAE2 /* DataCoordinator.swift in Sources */,
				5C6982212CADBA99001648C0 /* Text+Extension.swift in Sources */,
				5CFAF9522BC3BE91003726AA /* AddNewTextViewModel.swift in Sources */,
				5CAC44FE2C0639EB001E13CA /* Binding+Extension.swift in Sources */,
				5C4454052BA35D34006DB2F5 /* AddNewTextOptionCardView.swift in Sources */,
				5C87CC3F2C2895700010363F /* CustomSwitch.swift in Sources */,
				5C4D0A592C08601C00726969 /* TextDataPreviewProvider.swift in Sources */,
				5C99E3BE2C482C9C0083A507 /* ConfettiScene.swift in Sources */,
				5CFAF95D2BCA737D003726AA /* WebLinkTextSheetView.swift in Sources */,
				5C99E3182C463F980083A507 /* StatsView.swift in Sources */,
				5C21D1DE2B99E8E4009C0A6B /* HomeView.swift in Sources */,
				5C308C122C3F0D320054886B /* CircularProgressView.swift in Sources */,
				5C9A42002BBF0BF3001F4744 /* NavigationStateViewModel.swift in Sources */,
				5CFA8E952C90C4F90088833A /* LeaveReviewView.swift in Sources */,
				5C49EC792C41A89900B15B82 /* LinearProgressBar.swift in Sources */,
				5C7F4FE52C5EA7FB0018C6C0 /* CustomTabView.swift in Sources */,
				5C69821B2CADB854001648C0 /* VoiceSettingsView.swift in Sources */,
				5C99E3B02C4807530083A507 /* ConfettiView.swift in Sources */,
				5CDF5F102BD0EB6E00534B6B /* ImagePicker.swift in Sources */,
				5CFA8E972C92E75D0088833A /* GetNeuralVoicesView.swift in Sources */,
				5C99E3AE2C47FD540083A507 /* StatsViewModel.swift in Sources */,
				5CFA8E912C90AB5F0088833A /* MainSettingsView.swift in Sources */,
				5C99E3142C4594ED0083A507 /* Color+Extension.swift in Sources */,
				5C9CA2972C68F88100F72FB3 /* ProcessProgressCardView.swift in Sources */,
				5CFAF95B2BC99C08003726AA /* VoiceSelectorListItemView.swift in Sources */,
				5C423B762C86210A00399841 /* ReminderView.swift in Sources */,
				5C99E3202C477AF10083A507 /* SwiftTalkApp.swift in Sources */,
				5C1B5CAB2C6341FC00F50435 /* BackgroundView.swift in Sources */,
				5C46549E2C4BEC7200375CF5 /* String+Extension.swift in Sources */,
				5C82EB5E2CB5A13600A7B32D /* ResetSettingsView.swift in Sources */,
			);
			runOnlyForDeploymentPostprocessing = 0;
		};
/* End PBXSourcesBuildPhase section */

/* Begin XCBuildConfiguration section */
		5C21D1E42B99E8E6009C0A6B /* Debug */ = {
			isa = XCBuildConfiguration;
			buildSettings = {
				ALWAYS_SEARCH_USER_PATHS = NO;
				ASSETCATALOG_COMPILER_GENERATE_SWIFT_ASSET_SYMBOL_EXTENSIONS = YES;
				CLANG_ANALYZER_NONNULL = YES;
				CLANG_ANALYZER_NUMBER_OBJECT_CONVERSION = YES_AGGRESSIVE;
				CLANG_CXX_LANGUAGE_STANDARD = "gnu++20";
				CLANG_ENABLE_MODULES = YES;
				CLANG_ENABLE_OBJC_ARC = YES;
				CLANG_ENABLE_OBJC_WEAK = YES;
				CLANG_WARN_BLOCK_CAPTURE_AUTORELEASING = YES;
				CLANG_WARN_BOOL_CONVERSION = YES;
				CLANG_WARN_COMMA = YES;
				CLANG_WARN_CONSTANT_CONVERSION = YES;
				CLANG_WARN_DEPRECATED_OBJC_IMPLEMENTATIONS = YES;
				CLANG_WARN_DIRECT_OBJC_ISA_USAGE = YES_ERROR;
				CLANG_WARN_DOCUMENTATION_COMMENTS = YES;
				CLANG_WARN_EMPTY_BODY = YES;
				CLANG_WARN_ENUM_CONVERSION = YES;
				CLANG_WARN_INFINITE_RECURSION = YES;
				CLANG_WARN_INT_CONVERSION = YES;
				CLANG_WARN_NON_LITERAL_NULL_CONVERSION = YES;
				CLANG_WARN_OBJC_IMPLICIT_RETAIN_SELF = YES;
				CLANG_WARN_OBJC_LITERAL_CONVERSION = YES;
				CLANG_WARN_OBJC_ROOT_CLASS = YES_ERROR;
				CLANG_WARN_QUOTED_INCLUDE_IN_FRAMEWORK_HEADER = YES;
				CLANG_WARN_RANGE_LOOP_ANALYSIS = YES;
				CLANG_WARN_STRICT_PROTOTYPES = YES;
				CLANG_WARN_SUSPICIOUS_MOVE = YES;
				CLANG_WARN_UNGUARDED_AVAILABILITY = YES_AGGRESSIVE;
				CLANG_WARN_UNREACHABLE_CODE = YES;
				CLANG_WARN__DUPLICATE_METHOD_MATCH = YES;
				COPY_PHASE_STRIP = NO;
				DEBUG_INFORMATION_FORMAT = dwarf;
				ENABLE_STRICT_OBJC_MSGSEND = YES;
				ENABLE_TESTABILITY = YES;
				ENABLE_USER_SCRIPT_SANDBOXING = YES;
				GCC_C_LANGUAGE_STANDARD = gnu17;
				GCC_DYNAMIC_NO_PIC = NO;
				GCC_NO_COMMON_BLOCKS = YES;
				GCC_OPTIMIZATION_LEVEL = 0;
				GCC_PREPROCESSOR_DEFINITIONS = (
					"DEBUG=1",
					"$(inherited)",
				);
				GCC_WARN_64_TO_32_BIT_CONVERSION = YES;
				GCC_WARN_ABOUT_RETURN_TYPE = YES_ERROR;
				GCC_WARN_UNDECLARED_SELECTOR = YES;
				GCC_WARN_UNINITIALIZED_AUTOS = YES_AGGRESSIVE;
				GCC_WARN_UNUSED_FUNCTION = YES;
				GCC_WARN_UNUSED_VARIABLE = YES;
				IPHONEOS_DEPLOYMENT_TARGET = 17.2;
				LOCALIZATION_PREFERS_STRING_CATALOGS = YES;
				MTL_ENABLE_DEBUG_INFO = INCLUDE_SOURCE;
				MTL_FAST_MATH = YES;
				ONLY_ACTIVE_ARCH = YES;
				SDKROOT = iphoneos;
				SWIFT_ACTIVE_COMPILATION_CONDITIONS = "DEBUG $(inherited)";
				SWIFT_OPTIMIZATION_LEVEL = "-Onone";
			};
			name = Debug;
		};
		5C21D1E52B99E8E6009C0A6B /* Release */ = {
			isa = XCBuildConfiguration;
			buildSettings = {
				ALWAYS_SEARCH_USER_PATHS = NO;
				ASSETCATALOG_COMPILER_GENERATE_SWIFT_ASSET_SYMBOL_EXTENSIONS = YES;
				CLANG_ANALYZER_NONNULL = YES;
				CLANG_ANALYZER_NUMBER_OBJECT_CONVERSION = YES_AGGRESSIVE;
				CLANG_CXX_LANGUAGE_STANDARD = "gnu++20";
				CLANG_ENABLE_MODULES = YES;
				CLANG_ENABLE_OBJC_ARC = YES;
				CLANG_ENABLE_OBJC_WEAK = YES;
				CLANG_WARN_BLOCK_CAPTURE_AUTORELEASING = YES;
				CLANG_WARN_BOOL_CONVERSION = YES;
				CLANG_WARN_COMMA = YES;
				CLANG_WARN_CONSTANT_CONVERSION = YES;
				CLANG_WARN_DEPRECATED_OBJC_IMPLEMENTATIONS = YES;
				CLANG_WARN_DIRECT_OBJC_ISA_USAGE = YES_ERROR;
				CLANG_WARN_DOCUMENTATION_COMMENTS = YES;
				CLANG_WARN_EMPTY_BODY = YES;
				CLANG_WARN_ENUM_CONVERSION = YES;
				CLANG_WARN_INFINITE_RECURSION = YES;
				CLANG_WARN_INT_CONVERSION = YES;
				CLANG_WARN_NON_LITERAL_NULL_CONVERSION = YES;
				CLANG_WARN_OBJC_IMPLICIT_RETAIN_SELF = YES;
				CLANG_WARN_OBJC_LITERAL_CONVERSION = YES;
				CLANG_WARN_OBJC_ROOT_CLASS = YES_ERROR;
				CLANG_WARN_QUOTED_INCLUDE_IN_FRAMEWORK_HEADER = YES;
				CLANG_WARN_RANGE_LOOP_ANALYSIS = YES;
				CLANG_WARN_STRICT_PROTOTYPES = YES;
				CLANG_WARN_SUSPICIOUS_MOVE = YES;
				CLANG_WARN_UNGUARDED_AVAILABILITY = YES_AGGRESSIVE;
				CLANG_WARN_UNREACHABLE_CODE = YES;
				CLANG_WARN__DUPLICATE_METHOD_MATCH = YES;
				COPY_PHASE_STRIP = NO;
				DEBUG_INFORMATION_FORMAT = "dwarf-with-dsym";
				ENABLE_NS_ASSERTIONS = NO;
				ENABLE_STRICT_OBJC_MSGSEND = YES;
				ENABLE_USER_SCRIPT_SANDBOXING = YES;
				GCC_C_LANGUAGE_STANDARD = gnu17;
				GCC_NO_COMMON_BLOCKS = YES;
				GCC_WARN_64_TO_32_BIT_CONVERSION = YES;
				GCC_WARN_ABOUT_RETURN_TYPE = YES_ERROR;
				GCC_WARN_UNDECLARED_SELECTOR = YES;
				GCC_WARN_UNINITIALIZED_AUTOS = YES_AGGRESSIVE;
				GCC_WARN_UNUSED_FUNCTION = YES;
				GCC_WARN_UNUSED_VARIABLE = YES;
				IPHONEOS_DEPLOYMENT_TARGET = 17.2;
				LOCALIZATION_PREFERS_STRING_CATALOGS = YES;
				MTL_ENABLE_DEBUG_INFO = NO;
				MTL_FAST_MATH = YES;
				SDKROOT = iphoneos;
				SWIFT_COMPILATION_MODE = wholemodule;
				VALIDATE_PRODUCT = YES;
			};
			name = Release;
		};
		5C21D1E72B99E8E6009C0A6B /* Debug */ = {
			isa = XCBuildConfiguration;
			buildSettings = {
				ASSETCATALOG_COMPILER_APPICON_NAME = AppIcon;
				ASSETCATALOG_COMPILER_GLOBAL_ACCENT_COLOR_NAME = AccentColor;
				CODE_SIGN_STYLE = Automatic;
				CURRENT_PROJECT_VERSION = 1;
				DEVELOPMENT_ASSET_PATHS = "\"SwiftTalk/Preview Content\"";
				DEVELOPMENT_TEAM = 96U7DGUQDM;
				ENABLE_PREVIEWS = YES;
				GENERATE_INFOPLIST_FILE = YES;
				INFOPLIST_FILE = SwiftTalk/Info.plist;
				INFOPLIST_KEY_LSApplicationCategoryType = "public.app-category.productivity";
				INFOPLIST_KEY_UIApplicationSceneManifest_Generation = YES;
				INFOPLIST_KEY_UIApplicationSupportsIndirectInputEvents = YES;
				INFOPLIST_KEY_UILaunchScreen_Generation = YES;
				INFOPLIST_KEY_UISupportedInterfaceOrientations = UIInterfaceOrientationPortrait;
				INFOPLIST_KEY_UISupportedInterfaceOrientations_iPad = "UIInterfaceOrientationLandscapeLeft UIInterfaceOrientationLandscapeRight UIInterfaceOrientationPortrait UIInterfaceOrientationPortraitUpsideDown";
				INFOPLIST_KEY_UISupportsDocumentBrowser = YES;
				LD_RUNPATH_SEARCH_PATHS = (
					"$(inherited)",
					"@executable_path/Frameworks",
				);
				MARKETING_VERSION = 1.0;
				PRODUCT_BUNDLE_IDENTIFIER = com.amanbind.SwiftTalk;
				PRODUCT_NAME = "$(TARGET_NAME)";
				SWIFT_EMIT_LOC_STRINGS = YES;
				SWIFT_VERSION = 5.0;
				TARGETED_DEVICE_FAMILY = "1,2";
			};
			name = Debug;
		};
		5C21D1E82B99E8E6009C0A6B /* Release */ = {
			isa = XCBuildConfiguration;
			buildSettings = {
				ASSETCATALOG_COMPILER_APPICON_NAME = AppIcon;
				ASSETCATALOG_COMPILER_GLOBAL_ACCENT_COLOR_NAME = AccentColor;
				CODE_SIGN_STYLE = Automatic;
				CURRENT_PROJECT_VERSION = 1;
				DEVELOPMENT_ASSET_PATHS = "\"SwiftTalk/Preview Content\"";
				DEVELOPMENT_TEAM = 96U7DGUQDM;
				ENABLE_PREVIEWS = YES;
				GENERATE_INFOPLIST_FILE = YES;
				INFOPLIST_FILE = SwiftTalk/Info.plist;
				INFOPLIST_KEY_LSApplicationCategoryType = "public.app-category.productivity";
				INFOPLIST_KEY_UIApplicationSceneManifest_Generation = YES;
				INFOPLIST_KEY_UIApplicationSupportsIndirectInputEvents = YES;
				INFOPLIST_KEY_UILaunchScreen_Generation = YES;
				INFOPLIST_KEY_UISupportedInterfaceOrientations = UIInterfaceOrientationPortrait;
				INFOPLIST_KEY_UISupportedInterfaceOrientations_iPad = "UIInterfaceOrientationLandscapeLeft UIInterfaceOrientationLandscapeRight UIInterfaceOrientationPortrait UIInterfaceOrientationPortraitUpsideDown";
				INFOPLIST_KEY_UISupportsDocumentBrowser = YES;
				LD_RUNPATH_SEARCH_PATHS = (
					"$(inherited)",
					"@executable_path/Frameworks",
				);
				MARKETING_VERSION = 1.0;
				PRODUCT_BUNDLE_IDENTIFIER = com.amanbind.SwiftTalk;
				PRODUCT_NAME = "$(TARGET_NAME)";
				SWIFT_EMIT_LOC_STRINGS = YES;
				SWIFT_VERSION = 5.0;
				TARGETED_DEVICE_FAMILY = "1,2";
			};
			name = Release;
		};
/* End XCBuildConfiguration section */

/* Begin XCConfigurationList section */
		5C21D1D32B99E8E4009C0A6B /* Build configuration list for PBXProject "SwiftTalk" */ = {
			isa = XCConfigurationList;
			buildConfigurations = (
				5C21D1E42B99E8E6009C0A6B /* Debug */,
				5C21D1E52B99E8E6009C0A6B /* Release */,
			);
			defaultConfigurationIsVisible = 0;
			defaultConfigurationName = Release;
		};
		5C21D1E62B99E8E6009C0A6B /* Build configuration list for PBXNativeTarget "SwiftTalk" */ = {
			isa = XCConfigurationList;
			buildConfigurations = (
				5C21D1E72B99E8E6009C0A6B /* Debug */,
				5C21D1E82B99E8E6009C0A6B /* Release */,
			);
			defaultConfigurationIsVisible = 0;
			defaultConfigurationName = Release;
		};
/* End XCConfigurationList section */

/* Begin XCRemoteSwiftPackageReference section */
		5C69820F2CA9BDE4001648C0 /* XCRemoteSwiftPackageReference "YouTubePlayerKit" */ = {
			isa = XCRemoteSwiftPackageReference;
			repositoryURL = "https://github.com/SvenTiigi/YouTubePlayerKit";
			requirement = {
				kind = upToNextMajorVersion;
				minimumVersion = 1.9.0;
			};
		};
		5C6982122CA9BE0D001648C0 /* XCRemoteSwiftPackageReference "SwiftSoup" */ = {
			isa = XCRemoteSwiftPackageReference;
			repositoryURL = "https://github.com/scinfu/SwiftSoup";
			requirement = {
				kind = upToNextMajorVersion;
				minimumVersion = 2.7.5;
			};
		};
		5C6982152CA9BE72001648C0 /* XCRemoteSwiftPackageReference "lottie-ios" */ = {
			isa = XCRemoteSwiftPackageReference;
			repositoryURL = "https://github.com/airbnb/lottie-ios";
			requirement = {
				kind = upToNextMajorVersion;
				minimumVersion = 4.5.0;
			};
		};
/* End XCRemoteSwiftPackageReference section */

/* Begin XCSwiftPackageProductDependency section */
		5C6982102CA9BDE4001648C0 /* YouTubePlayerKit */ = {
			isa = XCSwiftPackageProductDependency;
			package = 5C69820F2CA9BDE4001648C0 /* XCRemoteSwiftPackageReference "YouTubePlayerKit" */;
			productName = YouTubePlayerKit;
		};
		5C6982132CA9BE0D001648C0 /* SwiftSoup */ = {
			isa = XCSwiftPackageProductDependency;
			package = 5C6982122CA9BE0D001648C0 /* XCRemoteSwiftPackageReference "SwiftSoup" */;
			productName = SwiftSoup;
		};
		5C6982162CA9BE72001648C0 /* Lottie */ = {
			isa = XCSwiftPackageProductDependency;
			package = 5C6982152CA9BE72001648C0 /* XCRemoteSwiftPackageReference "lottie-ios" */;
			productName = Lottie;
		};
/* End XCSwiftPackageProductDependency section */
	};
	rootObject = 5C21D1D02B99E8E4009C0A6B /* Project object */;
}
